{
  "name": "EduMaster",
  "lockfileVersion": 3,
  "requires": true,
  "packages": {
    "": {
      "dependencies": {
        "node": "^26.5.1"
      }
    },
    "node_modules/node": {
      "version": "26.5.1",
      "resolved": "https://registry.npmjs.org/node/-/node-26.5.1.tgz",
      "integrity": "sha512-jMR0E6e5HtjOdc3oj0e2MSC6Z5/yAf849Mykpkt1UAnThDg61AnztpXdsrXILd8Dz3gHDHaxqsMFNJs/lhiRyQ==",
      "hasInstallScript": true,
      "license": "MIT",
      "dependencies": {
        "node-bin-setup": "^1.0.0"
      },
      "bin": {
        "node": "bin/node"
      },
      "engines": {
        "npm": ">=5.0.0"
      }
    },
    "node_modules/node-bin-setup": {
      "version": "1.1.4",
      "resolved": "https://registry.npmjs.org/node-bin-setup/-/node-bin-setup-1.1.4.tgz",
      "integrity": "sha512-vWNHOne0ZUavArqPP5LJta50+S8R261Fr5SvGul37HbEDcowvLjwdvd0ZeSr0r2lTSrPxl6okq9QUw8BFGiAxA==",
      "license": "ISC"
    }
  }
}
